// !$*UTF8*$!
{
	archiveVersion = 1;
	classes = {
	};
	objectVersion = 45;
	objects = {

/* Begin PBXBuildFile section */
		5552357611C4613A00E7EEB4 /* CHLogging.h in Headers */ = {isa = PBXBuildFile; fileRef = 5552357511C4613A00E7EEB4 /* CHLogging.h */; settings = {ATTRIBUTES = (Public, ); }; };
		5552357C11C4615100E7EEB4 /* CHLogging.framework in Frameworks */ = {isa = PBXBuildFile; fileRef = 5552356E11C4600700E7EEB4 /* CHLogging.framework */; };
		5552358211C4617300E7EEB4 /* CHLogging.framework in Copy Frameworks */ = {isa = PBXBuildFile; fileRef = 5552356E11C4600700E7EEB4 /* CHLogging.framework */; };
		5552358511C4618800E7EEB4 /* CHLogger.h in Headers */ = {isa = PBXBuildFile; fileRef = 5552358311C4618800E7EEB4 /* CHLogger.h */; settings = {ATTRIBUTES = (Public, ); }; };
		5552358611C4618800E7EEB4 /* CHLogger.m in Sources */ = {isa = PBXBuildFile; fileRef = 5552358411C4618800E7EEB4 /* CHLogger.m */; };
		555235CB11C4757A00E7EEB4 /* CHLogging.framework in Frameworks */ = {isa = PBXBuildFile; fileRef = 5552356E11C4600700E7EEB4 /* CHLogging.framework */; };
		555235CE11C4759100E7EEB4 /* CHLogMacros.h in Headers */ = {isa = PBXBuildFile; fileRef = 555235CD11C4759100E7EEB4 /* CHLogMacros.h */; settings = {ATTRIBUTES = (Public, ); }; };
		555235D211C4768C00E7EEB4 /* Testing.m in Sources */ = {isa = PBXBuildFile; fileRef = 555235D111C4768C00E7EEB4 /* Testing.m */; };
		5552367211C48BAA00E7EEB4 /* CHLogFunctions.h in Headers */ = {isa = PBXBuildFile; fileRef = 5552367011C48BAA00E7EEB4 /* CHLogFunctions.h */; settings = {ATTRIBUTES = (Public, ); }; };
		5552367311C48BAA00E7EEB4 /* CHLogFunctions.m in Sources */ = {isa = PBXBuildFile; fileRef = 5552367111C48BAA00E7EEB4 /* CHLogFunctions.m */; };
		8DC2EF530486A6940098B216 /* InfoPlist.strings in Resources */ = {isa = PBXBuildFile; fileRef = 089C1666FE841158C02AAC07 /* InfoPlist.strings */; };
		8DC2EF570486A6940098B216 /* Cocoa.framework in Frameworks */ = {isa = PBXBuildFile; fileRef = 1058C7B1FEA5585E11CA2CBB /* Cocoa.framework */; };
/* End PBXBuildFile section */

/* Begin PBXContainerItemProxy section */
		5552357911C4614400E7EEB4 /* PBXContainerItemProxy */ = {
			isa = PBXContainerItemProxy;
			containerPortal = 0867D690FE84028FC02AAC07 /* Project object */;
			proxyType = 1;
			remoteGlobalIDString = 5552356D11C4600700E7EEB4;
			remoteInfo = CHLogging;
		};
		555235C911C4757700E7EEB4 /* PBXContainerItemProxy */ = {
			isa = PBXContainerItemProxy;
			containerPortal = 0867D690FE84028FC02AAC07 /* Project object */;
			proxyType = 1;
			remoteGlobalIDString = 5552356D11C4600700E7EEB4;
			remoteInfo = CHLogging;
		};
/* End PBXContainerItemProxy section */

/* Begin PBXCopyFilesBuildPhase section */
		5552358711C4618900E7EEB4 /* Copy Frameworks */ = {
			isa = PBXCopyFilesBuildPhase;
			buildActionMask = 2147483647;
			dstPath = "";
			dstSubfolderSpec = 10;
			files = (
				5552358211C4617300E7EEB4 /* CHLogging.framework in Copy Frameworks */,
			);
			name = "Copy Frameworks";
			runOnlyForDeploymentPostprocessing = 0;
		};
/* End PBXCopyFilesBuildPhase section */

/* Begin PBXFileReference section */
		0867D69BFE84028FC02AAC07 /* Foundation.framework */ = {isa = PBXFileReference; lastKnownFileType = wrapper.framework; name = Foundation.framework; path = /System/Library/Frameworks/Foundation.framework; sourceTree = "<absolute>"; };
		0867D6A5FE840307C02AAC07 /* AppKit.framework */ = {isa = PBXFileReference; lastKnownFileType = wrapper.framework; name = AppKit.framework; path = /System/Library/Frameworks/AppKit.framework; sourceTree = "<absolute>"; };
		089C1667FE841158C02AAC07 /* English */ = {isa = PBXFileReference; fileEncoding = 4; lastKnownFileType = text.plist.strings; name = English; path = English.lproj/InfoPlist.strings; sourceTree = "<group>"; };
		1058C7B1FEA5585E11CA2CBB /* Cocoa.framework */ = {isa = PBXFileReference; lastKnownFileType = wrapper.framework; name = Cocoa.framework; path = /System/Library/Frameworks/Cocoa.framework; sourceTree = "<absolute>"; };
		32DBCF5E0370ADEE00C91783 /* CHCore_Prefix.pch */ = {isa = PBXFileReference; fileEncoding = 4; lastKnownFileType = sourcecode.c.h; path = CHCore_Prefix.pch; sourceTree = "<group>"; };
		5552356E11C4600700E7EEB4 /* CHLogging.framework */ = {isa = PBXFileReference; explicitFileType = wrapper.framework; includeInIndex = 0; path = CHLogging.framework; sourceTree = BUILT_PRODUCTS_DIR; };
		5552356F11C4600700E7EEB4 /* CHLogging-Info.plist */ = {isa = PBXFileReference; lastKnownFileType = text.plist.xml; path = "CHLogging-Info.plist"; sourceTree = "<group>"; };
		5552357511C4613A00E7EEB4 /* CHLogging.h */ = {isa = PBXFileReference; fileEncoding = 4; lastKnownFileType = sourcecode.c.h; path = CHLogging.h; sourceTree = "<group>"; };
		5552358311C4618800E7EEB4 /* CHLogger.h */ = {isa = PBXFileReference; fileEncoding = 4; lastKnownFileType = sourcecode.c.h; path = CHLogger.h; sourceTree = "<group>"; };
		5552358411C4618800E7EEB4 /* CHLogger.m */ = {isa = PBXFileReference; fileEncoding = 4; lastKnownFileType = sourcecode.c.objc; path = CHLogger.m; sourceTree = "<group>"; };
		555235C511C4757300E7EEB4 /* Testing */ = {isa = PBXFileReference; explicitFileType = "compiled.mach-o.executable"; includeInIndex = 0; path = Testing; sourceTree = BUILT_PRODUCTS_DIR; };
		555235CD11C4759100E7EEB4 /* CHLogMacros.h */ = {isa = PBXFileReference; fileEncoding = 4; lastKnownFileType = sourcecode.c.h; path = CHLogMacros.h; sourceTree = "<group>"; };
		555235D111C4768C00E7EEB4 /* Testing.m */ = {isa = PBXFileReference; fileEncoding = 4; lastKnownFileType = sourcecode.c.objc; path = Testing.m; sourceTree = "<group>"; };
		5552367011C48BAA00E7EEB4 /* CHLogFunctions.h */ = {isa = PBXFileReference; fileEncoding = 4; lastKnownFileType = sourcecode.c.h; path = CHLogFunctions.h; sourceTree = "<group>"; };
		5552367111C48BAA00E7EEB4 /* CHLogFunctions.m */ = {isa = PBXFileReference; fileEncoding = 4; lastKnownFileType = sourcecode.c.objc; path = CHLogFunctions.m; sourceTree = "<group>"; };
		8DC2EF5A0486A6940098B216 /* Info.plist */ = {isa = PBXFileReference; fileEncoding = 4; lastKnownFileType = text.plist.xml; path = Info.plist; sourceTree = "<group>"; };
		8DC2EF5B0486A6940098B216 /* CHCore.framework */ = {isa = PBXFileReference; explicitFileType = wrapper.framework; includeInIndex = 0; path = CHCore.framework; sourceTree = BUILT_PRODUCTS_DIR; };
		D2F7E79907B2D74100F64583 /* CoreData.framework */ = {isa = PBXFileReference; lastKnownFileType = wrapper.framework; name = CoreData.framework; path = /System/Library/Frameworks/CoreData.framework; sourceTree = "<absolute>"; };
/* End PBXFileReference section */

/* Begin PBXFrameworksBuildPhase section */
		5552356C11C4600700E7EEB4 /* Frameworks */ = {
			isa = PBXFrameworksBuildPhase;
			buildActionMask = 2147483647;
			files = (
			);
			runOnlyForDeploymentPostprocessing = 0;
		};
		555235C311C4757300E7EEB4 /* Frameworks */ = {
			isa = PBXFrameworksBuildPhase;
			buildActionMask = 2147483647;
			files = (
				555235CB11C4757A00E7EEB4 /* CHLogging.framework in Frameworks */,
			);
			runOnlyForDeploymentPostprocessing = 0;
		};
		8DC2EF560486A6940098B216 /* Frameworks */ = {
			isa = PBXFrameworksBuildPhase;
			buildActionMask = 2147483647;
			files = (
				5552357C11C4615100E7EEB4 /* CHLogging.framework in Frameworks */,
				8DC2EF570486A6940098B216 /* Cocoa.framework in Frameworks */,
			);
			runOnlyForDeploymentPostprocessing = 0;
		};
/* End PBXFrameworksBuildPhase section */

/* Begin PBXGroup section */
		034768DFFF38A50411DB9C8B /* Products */ = {
			isa = PBXGroup;
			children = (
				8DC2EF5B0486A6940098B216 /* CHCore.framework */,
				5552356E11C4600700E7EEB4 /* CHLogging.framework */,
				555235C511C4757300E7EEB4 /* Testing */,
			);
			name = Products;
			sourceTree = "<group>";
		};
		0867D691FE84028FC02AAC07 /* CHCore */ = {
			isa = PBXGroup;
			children = (
				08FB77AEFE84172EC02AAC07 /* Classes */,
				32C88DFF0371C24200C91783 /* Other Sources */,
				089C1665FE841158C02AAC07 /* Resources */,
				0867D69AFE84028FC02AAC07 /* External Frameworks and Libraries */,
				034768DFFF38A50411DB9C8B /* Products */,
				5552356F11C4600700E7EEB4 /* CHLogging-Info.plist */,
			);
			name = CHCore;
			sourceTree = "<group>";
		};
		0867D69AFE84028FC02AAC07 /* External Frameworks and Libraries */ = {
			isa = PBXGroup;
			children = (
				1058C7B0FEA5585E11CA2CBB /* Linked Frameworks */,
				1058C7B2FEA5585E11CA2CBB /* Other Frameworks */,
			);
			name = "External Frameworks and Libraries";
			sourceTree = "<group>";
		};
		089C1665FE841158C02AAC07 /* Resources */ = {
			isa = PBXGroup;
			children = (
				8DC2EF5A0486A6940098B216 /* Info.plist */,
				089C1666FE841158C02AAC07 /* InfoPlist.strings */,
			);
			name = Resources;
			sourceTree = "<group>";
		};
		08FB77AEFE84172EC02AAC07 /* Classes */ = {
			isa = PBXGroup;
			children = (
				5552357311C4611200E7EEB4 /* CHLogging */,
			);
			name = Classes;
			sourceTree = "<group>";
		};
		1058C7B0FEA5585E11CA2CBB /* Linked Frameworks */ = {
			isa = PBXGroup;
			children = (
				1058C7B1FEA5585E11CA2CBB /* Cocoa.framework */,
			);
			name = "Linked Frameworks";
			sourceTree = "<group>";
		};
		1058C7B2FEA5585E11CA2CBB /* Other Frameworks */ = {
			isa = PBXGroup;
			children = (
				0867D6A5FE840307C02AAC07 /* AppKit.framework */,
				D2F7E79907B2D74100F64583 /* CoreData.framework */,
				0867D69BFE84028FC02AAC07 /* Foundation.framework */,
			);
			name = "Other Frameworks";
			sourceTree = "<group>";
		};
		32C88DFF0371C24200C91783 /* Other Sources */ = {
			isa = PBXGroup;
			children = (
				32DBCF5E0370ADEE00C91783 /* CHCore_Prefix.pch */,
				555235D111C4768C00E7EEB4 /* Testing.m */,
			);
			name = "Other Sources";
			sourceTree = "<group>";
		};
		5552357311C4611200E7EEB4 /* CHLogging */ = {
			isa = PBXGroup;
			children = (
				5552357511C4613A00E7EEB4 /* CHLogging.h */,
				555235CD11C4759100E7EEB4 /* CHLogMacros.h */,
				5552367011C48BAA00E7EEB4 /* CHLogFunctions.h */,
				5552367111C48BAA00E7EEB4 /* CHLogFunctions.m */,
				5552358311C4618800E7EEB4 /* CHLogger.h */,
				5552358411C4618800E7EEB4 /* CHLogger.m */,
			);
			path = CHLogging;
			sourceTree = "<group>";
		};
/* End PBXGroup section */

/* Begin PBXHeadersBuildPhase section */
		5552356911C4600700E7EEB4 /* Headers */ = {
			isa = PBXHeadersBuildPhase;
			buildActionMask = 2147483647;
			files = (
				5552357611C4613A00E7EEB4 /* CHLogging.h in Headers */,
				5552358511C4618800E7EEB4 /* CHLogger.h in Headers */,
				555235CE11C4759100E7EEB4 /* CHLogMacros.h in Headers */,
				5552367211C48BAA00E7EEB4 /* CHLogFunctions.h in Headers */,
			);
			runOnlyForDeploymentPostprocessing = 0;
		};
		8DC2EF500486A6940098B216 /* Headers */ = {
			isa = PBXHeadersBuildPhase;
			buildActionMask = 2147483647;
			files = (
			);
			runOnlyForDeploymentPostprocessing = 0;
		};
/* End PBXHeadersBuildPhase section */

/* Begin PBXNativeTarget section */
		5552356D11C4600700E7EEB4 /* CHLogging */ = {
			isa = PBXNativeTarget;
			buildConfigurationList = 5552357211C4600700E7EEB4 /* Build configuration list for PBXNativeTarget "CHLogging" */;
			buildPhases = (
				5552356911C4600700E7EEB4 /* Headers */,
				5552356A11C4600700E7EEB4 /* Resources */,
				5552356B11C4600700E7EEB4 /* Sources */,
				5552356C11C4600700E7EEB4 /* Frameworks */,
			);
			buildRules = (
			);
			dependencies = (
			);
			name = CHLogging;
			productName = CHLogging;
			productReference = 5552356E11C4600700E7EEB4 /* CHLogging.framework */;
			productType = "com.apple.product-type.framework";
		};
		555235C411C4757300E7EEB4 /* Testing */ = {
			isa = PBXNativeTarget;
			buildConfigurationList = 555235CF11C4759100E7EEB4 /* Build configuration list for PBXNativeTarget "Testing" */;
			buildPhases = (
				555235C211C4757300E7EEB4 /* Sources */,
				555235C311C4757300E7EEB4 /* Frameworks */,
			);
			buildRules = (
			);
			dependencies = (
				555235CA11C4757700E7EEB4 /* PBXTargetDependency */,
			);
			name = Testing;
			productName = Testing;
			productReference = 555235C511C4757300E7EEB4 /* Testing */;
			productType = "com.apple.product-type.tool";
		};
		8DC2EF4F0486A6940098B216 /* CHCore */ = {
			isa = PBXNativeTarget;
			buildConfigurationList = 1DEB91AD08733DA50010E9CD /* Build configuration list for PBXNativeTarget "CHCore" */;
			buildPhases = (
				8DC2EF500486A6940098B216 /* Headers */,
				8DC2EF520486A6940098B216 /* Resources */,
				5552358711C4618900E7EEB4 /* Copy Frameworks */,
				8DC2EF540486A6940098B216 /* Sources */,
				8DC2EF560486A6940098B216 /* Frameworks */,
			);
			buildRules = (
			);
			dependencies = (
				5552357A11C4614400E7EEB4 /* PBXTargetDependency */,
			);
			name = CHCore;
			productInstallPath = "$(HOME)/Library/Frameworks";
			productName = CHCore;
			productReference = 8DC2EF5B0486A6940098B216 /* CHCore.framework */;
			productType = "com.apple.product-type.framework";
		};
/* End PBXNativeTarget section */

/* Begin PBXProject section */
		0867D690FE84028FC02AAC07 /* Project object */ = {
			isa = PBXProject;
			buildConfigurationList = 1DEB91B108733DA50010E9CD /* Build configuration list for PBXProject "CHCore" */;
			compatibilityVersion = "Xcode 3.1";
			hasScannedForEncodings = 1;
			mainGroup = 0867D691FE84028FC02AAC07 /* CHCore */;
			productRefGroup = 034768DFFF38A50411DB9C8B /* Products */;
			projectDirPath = "";
			projectRoot = "";
			targets = (
				8DC2EF4F0486A6940098B216 /* CHCore */,
				5552356D11C4600700E7EEB4 /* CHLogging */,
				555235C411C4757300E7EEB4 /* Testing */,
			);
		};
/* End PBXProject section */

/* Begin PBXResourcesBuildPhase section */
		5552356A11C4600700E7EEB4 /* Resources */ = {
			isa = PBXResourcesBuildPhase;
			buildActionMask = 2147483647;
			files = (
			);
			runOnlyForDeploymentPostprocessing = 0;
		};
		8DC2EF520486A6940098B216 /* Resources */ = {
			isa = PBXResourcesBuildPhase;
			buildActionMask = 2147483647;
			files = (
				8DC2EF530486A6940098B216 /* InfoPlist.strings in Resources */,
			);
			runOnlyForDeploymentPostprocessing = 0;
		};
/* End PBXResourcesBuildPhase section */

/* Begin PBXSourcesBuildPhase section */
		5552356B11C4600700E7EEB4 /* Sources */ = {
			isa = PBXSourcesBuildPhase;
			buildActionMask = 2147483647;
			files = (
				5552358611C4618800E7EEB4 /* CHLogger.m in Sources */,
				5552367311C48BAA00E7EEB4 /* CHLogFunctions.m in Sources */,
			);
			runOnlyForDeploymentPostprocessing = 0;
		};
		555235C211C4757300E7EEB4 /* Sources */ = {
			isa = PBXSourcesBuildPhase;
			buildActionMask = 2147483647;
			files = (
				555235D211C4768C00E7EEB4 /* Testing.m in Sources */,
			);
			runOnlyForDeploymentPostprocessing = 0;
		};
		8DC2EF540486A6940098B216 /* Sources */ = {
			isa = PBXSourcesBuildPhase;
			buildActionMask = 2147483647;
			files = (
			);
			runOnlyForDeploymentPostprocessing = 0;
		};
/* End PBXSourcesBuildPhase section */

/* Begin PBXTargetDependency section */
		5552357A11C4614400E7EEB4 /* PBXTargetDependency */ = {
			isa = PBXTargetDependency;
			target = 5552356D11C4600700E7EEB4 /* CHLogging */;
			targetProxy = 5552357911C4614400E7EEB4 /* PBXContainerItemProxy */;
		};
		555235CA11C4757700E7EEB4 /* PBXTargetDependency */ = {
			isa = PBXTargetDependency;
			target = 5552356D11C4600700E7EEB4 /* CHLogging */;
			targetProxy = 555235C911C4757700E7EEB4 /* PBXContainerItemProxy */;
		};
/* End PBXTargetDependency section */

/* Begin PBXVariantGroup section */
		089C1666FE841158C02AAC07 /* InfoPlist.strings */ = {
			isa = PBXVariantGroup;
			children = (
				089C1667FE841158C02AAC07 /* English */,
			);
			name = InfoPlist.strings;
			sourceTree = "<group>";
		};
/* End PBXVariantGroup section */

/* Begin XCBuildConfiguration section */
		1DEB91AE08733DA50010E9CD /* Debug */ = {
			isa = XCBuildConfiguration;
			buildSettings = {
				ALWAYS_SEARCH_USER_PATHS = NO;
				COPY_PHASE_STRIP = NO;
				DYLIB_COMPATIBILITY_VERSION = 1;
				DYLIB_CURRENT_VERSION = 1;
				FRAMEWORK_VERSION = A;
				GCC_DYNAMIC_NO_PIC = NO;
				GCC_ENABLE_FIX_AND_CONTINUE = YES;
				GCC_MODEL_TUNING = G5;
				GCC_OPTIMIZATION_LEVEL = 0;
				GCC_PRECOMPILE_PREFIX_HEADER = YES;
				GCC_PREFIX_HEADER = CHCore_Prefix.pch;
				INFOPLIST_FILE = Info.plist;
				INSTALL_PATH = "$(HOME)/Library/Frameworks";
				PRODUCT_NAME = CHCore;
				WRAPPER_EXTENSION = framework;
			};
			name = Debug;
		};
		1DEB91AF08733DA50010E9CD /* Release */ = {
			isa = XCBuildConfiguration;
			buildSettings = {
				ALWAYS_SEARCH_USER_PATHS = NO;
				DEBUG_INFORMATION_FORMAT = "dwarf-with-dsym";
				DYLIB_COMPATIBILITY_VERSION = 1;
				DYLIB_CURRENT_VERSION = 1;
				FRAMEWORK_VERSION = A;
				GCC_MODEL_TUNING = G5;
				GCC_PRECOMPILE_PREFIX_HEADER = YES;
				GCC_PREFIX_HEADER = CHCore_Prefix.pch;
				INFOPLIST_FILE = Info.plist;
				INSTALL_PATH = "$(HOME)/Library/Frameworks";
				PRODUCT_NAME = CHCore;
				WRAPPER_EXTENSION = framework;
			};
			name = Release;
		};
		1DEB91B208733DA50010E9CD /* Debug */ = {
			isa = XCBuildConfiguration;
			buildSettings = {
				ARCHS = "$(ARCHS_STANDARD_32_64_BIT)";
				GCC_C_LANGUAGE_STANDARD = gnu99;
				GCC_OPTIMIZATION_LEVEL = 0;
				GCC_VERSION = com.apple.compilers.llvm.clang.1_0;
				GCC_WARN_ABOUT_RETURN_TYPE = YES;
				GCC_WARN_UNUSED_VARIABLE = YES;
				ONLY_ACTIVE_ARCH = YES;
				PREBINDING = NO;
				SDKROOT = macosx10.6;
			};
			name = Debug;
		};
		1DEB91B308733DA50010E9CD /* Release */ = {
			isa = XCBuildConfiguration;
			buildSettings = {
				ARCHS = "$(ARCHS_STANDARD_32_64_BIT)";
				GCC_C_LANGUAGE_STANDARD = gnu99;
				GCC_VERSION = com.apple.compilers.llvm.clang.1_0;
				GCC_WARN_ABOUT_RETURN_TYPE = YES;
				GCC_WARN_UNUSED_VARIABLE = YES;
				PREBINDING = NO;
				SDKROOT = macosx10.6;
			};
			name = Release;
		};
		5552357011C4600700E7EEB4 /* Debug */ = {
			isa = XCBuildConfiguration;
			buildSettings = {
				ALWAYS_SEARCH_USER_PATHS = NO;
				COPY_PHASE_STRIP = NO;
				DYLIB_COMPATIBILITY_VERSION = 1;
				DYLIB_CURRENT_VERSION = 1;
				FRAMEWORK_VERSION = A;
				GCC_DYNAMIC_NO_PIC = NO;
				GCC_ENABLE_FIX_AND_CONTINUE = YES;
				GCC_MODEL_TUNING = G5;
				GCC_OPTIMIZATION_LEVEL = 0;
				GCC_PRECOMPILE_PREFIX_HEADER = YES;
				GCC_PREFIX_HEADER = CHCore_Prefix.pch;
				INFOPLIST_FILE = "CHLogging-Info.plist";
				INSTALL_PATH = "$(HOME)/Library/Frameworks";
				OTHER_LDFLAGS = (
					"-framework",
					Foundation,
					"-framework",
					AppKit,
				);
				PREBINDING = NO;
				PRODUCT_NAME = CHLogging;
			};
			name = Debug;
		};
		5552357111C4600700E7EEB4 /* Release */ = {
			isa = XCBuildConfiguration;
			buildSettings = {
				ALWAYS_SEARCH_USER_PATHS = NO;
				COPY_PHASE_STRIP = YES;
				DEBUG_INFORMATION_FORMAT = "dwarf-with-dsym";
				DYLIB_COMPATIBILITY_VERSION = 1;
				DYLIB_CURRENT_VERSION = 1;
				FRAMEWORK_VERSION = A;
				GCC_ENABLE_FIX_AND_CONTINUE = NO;
				GCC_MODEL_TUNING = G5;
				GCC_PRECOMPILE_PREFIX_HEADER = YES;
				GCC_PREFIX_HEADER = CHCore_Prefix.pch;
				INFOPLIST_FILE = "CHLogging-Info.plist";
				INSTALL_PATH = "$(HOME)/Library/Frameworks";
				OTHER_LDFLAGS = (
					"-framework",
					Foundation,
					"-framework",
					AppKit,
				);
				PREBINDING = NO;
				PRODUCT_NAME = CHLogging;
				ZERO_LINK = NO;
			};
			name = Release;
		};
		555235C711C4757300E7EEB4 /* Debug */ = {
			isa = XCBuildConfiguration;
			buildSettings = {
				ALWAYS_SEARCH_USER_PATHS = NO;
				COPY_PHASE_STRIP = NO;
				GCC_DYNAMIC_NO_PIC = NO;
				GCC_ENABLE_FIX_AND_CONTINUE = YES;
				GCC_MODEL_TUNING = G5;
				GCC_OPTIMIZATION_LEVEL = 0;
				GCC_PRECOMPILE_PREFIX_HEADER = YES;
				GCC_PREFIX_HEADER = "$(SYSTEM_LIBRARY_DIR)/Frameworks/AppKit.framework/Headers/AppKit.h";
				INSTALL_PATH = /usr/local/bin;
				OTHER_LDFLAGS = (
					"-framework",
					Foundation,
					"-framework",
					AppKit,
				);
				PREBINDING = NO;
				PRODUCT_NAME = Testing;
			};
			name = Debug;
		};
		555235C811C4757300E7EEB4 /* Release */ = {
			isa = XCBuildConfiguration;
			buildSettings = {
				ALWAYS_SEARCH_USER_PATHS = NO;
				COPY_PHASE_STRIP = YES;
				DEBUG_INFORMATION_FORMAT = "dwarf-with-dsym";
				GCC_ENABLE_FIX_AND_CONTINUE = NO;
				GCC_MODEL_TUNING = G5;
				GCC_PRECOMPILE_PREFIX_HEADER = YES;
				GCC_PREFIX_HEADER = "$(SYSTEM_LIBRARY_DIR)/Frameworks/AppKit.framework/Headers/AppKit.h";
				INSTALL_PATH = /usr/local/bin;
				OTHER_LDFLAGS = (
					"-framework",
					Foundation,
					"-framework",
					AppKit,
				);
				PREBINDING = NO;
				PRODUCT_NAME = Testing;
				ZERO_LINK = NO;
			};
			name = Release;
		};
/* End XCBuildConfiguration section */

/* Begin XCConfigurationList section */
		1DEB91AD08733DA50010E9CD /* Build configuration list for PBXNativeTarget "CHCore" */ = {
			isa = XCConfigurationList;
			buildConfigurations = (
				1DEB91AE08733DA50010E9CD /* Debug */,
				1DEB91AF08733DA50010E9CD /* Release */,
			);
			defaultConfigurationIsVisible = 0;
			defaultConfigurationName = Release;
		};
		1DEB91B108733DA50010E9CD /* Build configuration list for PBXProject "CHCore" */ = {
			isa = XCConfigurationList;
			buildConfigurations = (
				1DEB91B208733DA50010E9CD /* Debug */,
				1DEB91B308733DA50010E9CD /* Release */,
			);
			defaultConfigurationIsVisible = 0;
			defaultConfigurationName = Release;
		};
		5552357211C4600700E7EEB4 /* Build configuration list for PBXNativeTarget "CHLogging" */ = {
			isa = XCConfigurationList;
			buildConfigurations = (
				5552357011C4600700E7EEB4 /* Debug */,
				5552357111C4600700E7EEB4 /* Release */,
			);
			defaultConfigurationIsVisible = 0;
			defaultConfigurationName = Release;
		};
		555235CF11C4759100E7EEB4 /* Build configuration list for PBXNativeTarget "Testing" */ = {
			isa = XCConfigurationList;
			buildConfigurations = (
				555235C711C4757300E7EEB4 /* Debug */,
				555235C811C4757300E7EEB4 /* Release */,
			);
			defaultConfigurationIsVisible = 0;
			defaultConfigurationName = Release;
		};
/* End XCConfigurationList section */
	};
	rootObject = 0867D690FE84028FC02AAC07 /* Project object */;
}
